<?xml version="1.0" encoding="utf-8"?>
<Project ToolsVersion="4.0" xmlns="http://schemas.microsoft.com/developer/msbuild/2003">
  <ItemGroup>
    <Filter Include="Source Files">
      <UniqueIdentifier>{4FC737F1-C7A5-4376-A066-2A32D752A2FF}</UniqueIdentifier>
      <Extensions>cpp;c;cc;cxx;def;odl;idl;hpj;bat;asm;asmx</Extensions>
    </Filter>
    <Filter Include="Source Files\OpenCVTutorialExamples">
      <UniqueIdentifier>{05a78a39-4507-4abd-be3d-6d3df6493ec1}</UniqueIdentifier>
    </Filter>
    <Filter Include="Private Headers">
      <UniqueIdentifier>{93995380-89BD-4b04-88EB-625FBE52EBFB}</UniqueIdentifier>
      <Extensions>h;hh;hpp;hxx;hm;inl;inc;ipp;xsd</Extensions>
    </Filter>
    <Filter Include="Private Headers\OpenCVTutorialExamples">
      <UniqueIdentifier>{54d1e524-8192-4b52-a32d-702fcaace2c5}</UniqueIdentifier>
    </Filter>
    <Filter Include="Public Headers">
      <UniqueIdentifier>{a323d612-9712-4ef0-bbcb-da22570b61f3}</UniqueIdentifier>
    </Filter>
  </ItemGroup>
  <ItemGroup>
    <ClInclude Include="stdafx.h">
      <Filter>Private Headers</Filter>
    </ClInclude>
    <ClInclude Include="targetver.h">
      <Filter>Private Headers</Filter>
    </ClInclude>
    <ClInclude Include="OpenCVTutorialExamples\CVShapeExample.h">
      <Filter>Private Headers\OpenCVTutorialExamples</Filter>
    </ClInclude>
    <ClInclude Include="OpenCVTutorialExamples\CVSmoothing.h">
      <Filter>Private Headers\OpenCVTutorialExamples</Filter>
    </ClInclude>
    <ClInclude Include="OpenCVTutorialExamples\CVThreshold.h">
      <Filter>Private Headers\OpenCVTutorialExamples</Filter>
    </ClInclude>
    <ClInclude Include="OpenCVTutorialExamples\CVFindContours.h">
      <Filter>Private Headers\OpenCVTutorialExamples</Filter>
    </ClInclude>
    <ClInclude Include="Private\SLCVMatCImageHandles.h">
      <Filter>Private Headers</Filter>
    </ClInclude>
    <ClInclude Include="Public\SLBinaryEllipseCorrelation.h">
      <Filter>Public Headers</Filter>
    </ClInclude>
    <ClInclude Include="Public\SLPointToEllipse.h">
      <Filter>Public Headers</Filter>
    </ClInclude>
    <ClInclude Include="Private\SLOpenCVProcess.h">
      <Filter>Private Headers</Filter>
    </ClInclude>
  </ItemGroup>
  <ItemGroup>
    <ClCompile Include="stdafx.cpp">
      <Filter>Source Files</Filter>
    </ClCompile>
    <ClCompile Include="OpenCVTutorialExamples\CVShapeExample.cpp">
      <Filter>Source Files\OpenCVTutorialExamples</Filter>
    </ClCompile>
    <ClCompile Include="OpenCVTutorialExamples\CVSmoothing.cpp">
      <Filter>Source Files\OpenCVTutorialExamples</Filter>
    </ClCompile>
    <ClCompile Include="OpenCVTutorialExamples\CVThreshold.cpp">
      <Filter>Source Files\OpenCVTutorialExamples</Filter>
    </ClCompile>
    <ClCompile Include="OpenCVTutorialExamples\CVFindContours.cpp">
      <Filter>Source Files\OpenCVTutorialExamples</Filter>
    </ClCompile>
    <ClCompile Include="Private\SLCVMatCImageHandles.cpp">
      <Filter>Source Files</Filter>
    </ClCompile>
    <ClCompile Include="Private\SLBinaryEllipseCorrelation.cpp">
      <Filter>Source Files</Filter>
    </ClCompile>
    <ClCompile Include="Private\SLOpenCVProcess.cpp">
      <Filter>Source Files</Filter>
    </ClCompile>
    <ClCompile Include="Private\SLPointToEllipse.cpp">
      <Filter>Source Files</Filter>
    </ClCompile>
  </ItemGroup>
</Project>