<?xml version="1.0" encoding="utf-8"?>
<Project ToolsVersion="4.0" xmlns="http://schemas.microsoft.com/developer/msbuild/2003">
  <ItemGroup>
    <ClCompile Include="Support\SenAbstractGLWidget.cpp">
      <Filter>Support</Filter>
    </ClCompile>
    <ClCompile Include="main.cpp" />
    <ClCompile Include="Support\SenAbstractGLFW.cpp">
      <Filter>Support</Filter>
    </ClCompile>
    <ClCompile Include="LearnOpenGL_GLFW\Sen_07_TextureGLFW.cpp">
      <Filter>Sources\LearnOpenGL_GLFW</Filter>
    </ClCompile>
    <ClCompile Include="Support\LoadShaders.cpp">
      <Filter>Support</Filter>
    </ClCompile>
    <ClCompile Include="LearnOpenGL_GLFW\Sen_06_TrianglesGLFW.cpp">
      <Filter>Sources\LearnOpenGL_GLFW</Filter>
    </ClCompile>
    <ClCompile Include="Guide8th\Sen_01_Triangles.cpp">
      <Filter>Sources\Guide8th</Filter>
    </ClCompile>
    <ClCompile Include="Guide8th\Sen_03_DrawCommands.cpp">
      <Filter>Sources\Guide8th</Filter>
    </ClCompile>
    <ClCompile Include="Guide8th\Sen_06_CubeMap.cpp">
      <Filter>Sources\Guide8th</Filter>
    </ClCompile>
    <ClCompile Include="LearnOpenGL_GLFW\Sen_30_GeometryShow.cpp">
      <Filter>Sources\LearnOpenGL_GLFW</Filter>
    </ClCompile>
    <ClCompile Include="LearnOpenGL_GLFW\Sen_09_ModelViewProjection.cpp">
      <Filter>Sources\LearnOpenGL_GLFW</Filter>
    </ClCompile>
    <ClCompile Include="LearnOpenGL_GLFW\Sen_10_Camera.cpp">
      <Filter>Sources\LearnOpenGL_GLFW</Filter>
    </ClCompile>
    <ClCompile Include="LearnOpenGL_GLFW\SenFreeSpaceAbstract.cpp">
      <Filter>Sources\LearnOpenGL_GLFW</Filter>
    </ClCompile>
    <ClCompile Include="Sinks\SenShaderTeapotExplosion.cpp">
      <Filter>Sources\Sinks</Filter>
    </ClCompile>
    <ClCompile Include="Sinks\SenTeapotObservationWidget.cpp">
      <Filter>Sources\Sinks</Filter>
    </ClCompile>
    <ClCompile Include="LearnOpenGL_GLFW\Sen_21_AssimpMeshModel.cpp">
      <Filter>Sources\LearnOpenGL_GLFW</Filter>
    </ClCompile>
    <ClCompile Include="LearnOpenGL_GLFW\Sen_303_NanoSuitExplode.cpp">
      <Filter>Sources\LearnOpenGL_GLFW</Filter>
    </ClCompile>
    <ClCompile Include="LearnOpenGL_GLFW\Sen_430_DebugOutput.cpp">
      <Filter>Sources\LearnOpenGL_GLFW</Filter>
    </ClCompile>
    <ClCompile Include="LearnOpenGL_GLFW\Sen_22_DepthTest.cpp">
      <Filter>Sources\LearnOpenGL_GLFW</Filter>
    </ClCompile>
    <ClCompile Include="LearnOpenGL_GLFW\Sen_23_StencilObjectOutline.cpp">
      <Filter>Sources\LearnOpenGL_GLFW</Filter>
    </ClCompile>
    <ClCompile Include="LearnOpenGL_GLFW\Sen_26_PostProcessing.cpp">
      <Filter>Sources\LearnOpenGL_GLFW</Filter>
    </ClCompile>
    <ClCompile Include="LearnOpenGL_GLFW\Sen_262_RearMirror.cpp">
      <Filter>Sources\LearnOpenGL_GLFW</Filter>
    </ClCompile>
    <ClCompile Include="LearnOpenGL_GLFW\Sen_263_DebugRearMirror.cpp">
      <Filter>Sources\LearnOpenGL_GLFW</Filter>
    </ClCompile>
    <ClCompile Include="LearnOpenGL_GLFW\SenDebugWindowFreeSpace.cpp">
      <Filter>Sources\LearnOpenGL_GLFW</Filter>
    </ClCompile>
    <ClCompile Include="LearnOpenGL_GLFW\Sen_24_BlendingTest.cpp">
      <Filter>Sources\LearnOpenGL_GLFW</Filter>
    </ClCompile>
    <ClCompile Include="LearnOpenGL_GLFW\Sen_431_LineTextRendering.cpp">
      <Filter>Sources\LearnOpenGL_GLFW</Filter>
    </ClCompile>
  </ItemGroup>
  <ItemGroup>
    <Filter Include="Support">
      <UniqueIdentifier>{af28d588-1685-427b-bd0f-5c7e6b4941bd}</UniqueIdentifier>
    </Filter>
    <Filter Include="Headers">
      <UniqueIdentifier>{393c3412-b2c2-4a0c-8c60-8a465c65a871}</UniqueIdentifier>
    </Filter>
    <Filter Include="Sources">
      <UniqueIdentifier>{52b4d0fc-c380-4c87-a464-5d0574dd2d66}</UniqueIdentifier>
    </Filter>
    <Filter Include="Headers\LearnOpenGL_GLFW">
      <UniqueIdentifier>{242acf84-4c90-4363-8afa-7c51261d5d81}</UniqueIdentifier>
    </Filter>
    <Filter Include="Shaders">
      <UniqueIdentifier>{21f029c3-955b-4b1b-afdc-56134b62d023}</UniqueIdentifier>
    </Filter>
    <Filter Include="Shaders\LearnOpenGL_GLFW">
      <UniqueIdentifier>{dd94de74-4ccc-48c8-9114-44b951dafc1f}</UniqueIdentifier>
    </Filter>
    <Filter Include="Sources\LearnOpenGL_GLFW">
      <UniqueIdentifier>{3bc7a42c-f17e-4697-a1d4-6febd7dbbda0}</UniqueIdentifier>
    </Filter>
    <Filter Include="Shaders\Guide8th">
      <UniqueIdentifier>{fc988d9c-dcd3-4c17-bacd-80aad279c948}</UniqueIdentifier>
    </Filter>
    <Filter Include="Sources\Sinks">
      <UniqueIdentifier>{1870d093-680f-430d-9f23-81e69bcc150e}</UniqueIdentifier>
    </Filter>
    <Filter Include="Headers\Guide8th">
      <UniqueIdentifier>{9115a61e-f16d-43ba-9881-52bcffe17708}</UniqueIdentifier>
    </Filter>
    <Filter Include="Sources\Guide8th">
      <UniqueIdentifier>{b713b438-d6e4-4ba6-8347-28877492e9e7}</UniqueIdentifier>
    </Filter>
    <Filter Include="FreeSpacePieces">
      <UniqueIdentifier>{f9f69361-3cd9-4163-b6fd-91b2c38e8d17}</UniqueIdentifier>
    </Filter>
    <Filter Include="Headers\Sinks">
      <UniqueIdentifier>{67d1b6e3-013c-489f-b8a8-a747f5a9d291}</UniqueIdentifier>
    </Filter>
    <Filter Include="Shaders\Sinks">
      <UniqueIdentifier>{c2d44f44-f0a2-4b4d-94cf-2e3f02179d7f}</UniqueIdentifier>
    </Filter>
    <Filter Include="FreeSpacePieces\Shaders">
      <UniqueIdentifier>{98d4ffa2-b77f-4dca-aaf7-78ca68276aa9}</UniqueIdentifier>
    </Filter>
  </ItemGroup>
  <ItemGroup>
    <ClInclude Include="Support\SenAbstractGLWidget.h">
      <Filter>Support</Filter>
    </ClInclude>
    <ClInclude Include="Support\SenAbstractGLFW.h">
      <Filter>Support</Filter>
    </ClInclude>
    <ClInclude Include="LearnOpenGL_GLFW\Sen_07_TextureGLFW.h">
      <Filter>Headers\LearnOpenGL_GLFW</Filter>
    </ClInclude>
    <ClInclude Include="LearnOpenGL_GLFW\Sen_06_TrianglesGLFW.h">
      <Filter>Headers\LearnOpenGL_GLFW</Filter>
    </ClInclude>
    <ClInclude Include="Guide8th\Sen_01_Triangles.h">
      <Filter>Headers\Guide8th</Filter>
    </ClInclude>
    <ClInclude Include="Guide8th\Sen_03_DrawCommands.h">
      <Filter>Headers\Guide8th</Filter>
    </ClInclude>
    <ClInclude Include="Guide8th\Sen_06_CubeMap.h">
      <Filter>Headers\Guide8th</Filter>
    </ClInclude>
    <ClInclude Include="Guide8th\External\shaderTeapotTest.h">
      <Filter>Headers\Guide8th</Filter>
    </ClInclude>
    <ClInclude Include="LearnOpenGL_GLFW\Sen_30_GeometryShow.h">
      <Filter>Headers\LearnOpenGL_GLFW</Filter>
    </ClInclude>
    <ClInclude Include="LearnOpenGL_GLFW\Sen_09_ModelViewProjection.h">
      <Filter>Headers\LearnOpenGL_GLFW</Filter>
    </ClInclude>
    <ClInclude Include="LearnOpenGL_GLFW\Sen_10_Camera.h">
      <Filter>Headers\LearnOpenGL_GLFW</Filter>
    </ClInclude>
    <ClInclude Include="Support\SenCameraViewModel.h">
      <Filter>Support</Filter>
    </ClInclude>
    <ClInclude Include="LearnOpenGL_GLFW\SenFreeSpaceAbstract.h">
      <Filter>Headers\LearnOpenGL_GLFW</Filter>
    </ClInclude>
    <ClInclude Include="SenFreeSpacePieces\Sen_Cube.h">
      <Filter>FreeSpacePieces</Filter>
    </ClInclude>
    <ClInclude Include="Sinks\SenShaderTeapotExplosion.h">
      <Filter>Headers\Sinks</Filter>
    </ClInclude>
    <ClInclude Include="Sinks\SenTeapotObservationWidget.h">
      <Filter>Headers\Sinks</Filter>
    </ClInclude>
    <ClInclude Include="Sinks\shaderTeapot.h">
      <Filter>Headers\Sinks</Filter>
    </ClInclude>
    <ClInclude Include="Sinks\teapot.h">
      <Filter>Headers\Sinks</Filter>
    </ClInclude>
    <ClInclude Include="LearnOpenGL_GLFW\Sen_21_AssimpMeshModel.h">
      <Filter>Headers\LearnOpenGL_GLFW</Filter>
    </ClInclude>
    <ClInclude Include="Support\SenMeshStruct.h">
      <Filter>Support</Filter>
    </ClInclude>
    <ClInclude Include="Support\SenMeshLinkModel.h">
      <Filter>Support</Filter>
    </ClInclude>
    <ClInclude Include="LearnOpenGL_GLFW\Sen_303_NanoSuitExplode.h">
      <Filter>Headers\LearnOpenGL_GLFW</Filter>
    </ClInclude>
    <ClInclude Include="LearnOpenGL_GLFW\Sen_430_DebugOutput.h">
      <Filter>Headers\LearnOpenGL_GLFW</Filter>
    </ClInclude>
    <ClInclude Include="LearnOpenGL_GLFW\Sen_22_DepthTest.h">
      <Filter>Headers\LearnOpenGL_GLFW</Filter>
    </ClInclude>
    <ClInclude Include="LearnOpenGL_GLFW\Sen_23_StencilObjectOutline.h">
      <Filter>Headers\LearnOpenGL_GLFW</Filter>
    </ClInclude>
    <ClInclude Include="LearnOpenGL_GLFW\Sen_26_PostProcessing.h">
      <Filter>Headers\LearnOpenGL_GLFW</Filter>
    </ClInclude>
    <ClInclude Include="LearnOpenGL_GLFW\Sen_262_RearMirror.h">
      <Filter>Headers\LearnOpenGL_GLFW</Filter>
    </ClInclude>
    <ClInclude Include="LearnOpenGL_GLFW\Sen_263_DebugRearMirror.h">
      <Filter>Headers\LearnOpenGL_GLFW</Filter>
    </ClInclude>
    <ClInclude Include="LearnOpenGL_GLFW\SenDebugWindowFreeSpace.h">
      <Filter>Headers\LearnOpenGL_GLFW</Filter>
    </ClInclude>
    <ClInclude Include="LearnOpenGL_GLFW\Sen_24_BlendingTest.h">
      <Filter>Headers\LearnOpenGL_GLFW</Filter>
    </ClInclude>
    <ClInclude Include="LearnOpenGL_GLFW\Sen_431_LineTextRendering.h">
      <Filter>Headers\LearnOpenGL_GLFW</Filter>
    </ClInclude>
    <ClInclude Include="Support\SenFreeTypeFontsRendering.h">
      <Filter>Support</Filter>
    </ClInclude>
  </ItemGroup>
  <ItemGroup>
    <None Include="LearnOpenGL_GLFW\Shaders\Sen_06_Triangle.vert">
      <Filter>Shaders\LearnOpenGL_GLFW</Filter>
    </None>
    <None Include="LearnOpenGL_GLFW\Shaders\Sen_06_Triangle.frag">
      <Filter>Shaders\LearnOpenGL_GLFW</Filter>
    </None>
    <None Include="LearnOpenGL_GLFW\Shaders\Sen_07_TextureGLFW.vert">
      <Filter>Shaders\LearnOpenGL_GLFW</Filter>
    </None>
    <None Include="LearnOpenGL_GLFW\Shaders\Sen_07_TextureGLFW.frag">
      <Filter>Shaders\LearnOpenGL_GLFW</Filter>
    </None>
    <None Include="Guide8th\Shaders\Sen_01_Triangles.frag">
      <Filter>Shaders\Guide8th</Filter>
    </None>
    <None Include="Guide8th\Shaders\Sen_01_Triangles.vert">
      <Filter>Shaders\Guide8th</Filter>
    </None>
    <None Include="Guide8th\Shaders\Sen_03_DrawCommands.frag">
      <Filter>Shaders\Guide8th</Filter>
    </None>
    <None Include="Guide8th\Shaders\Sen_03_DrawCommands.vert">
      <Filter>Shaders\Guide8th</Filter>
    </None>
    <None Include="Guide8th\Shaders\Sen_06_CubeMap.frag">
      <Filter>Shaders\Guide8th</Filter>
    </None>
    <None Include="Guide8th\Shaders\Sen_06_CubeMap.vert">
      <Filter>Shaders\Guide8th</Filter>
    </None>
    <None Include="LearnOpenGL_GLFW\Shaders\Sen_30_GeometryShow.frag">
      <Filter>Shaders\LearnOpenGL_GLFW</Filter>
    </None>
    <None Include="LearnOpenGL_GLFW\Shaders\Sen_30_GeometryShow.geom">
      <Filter>Shaders\LearnOpenGL_GLFW</Filter>
    </None>
    <None Include="LearnOpenGL_GLFW\Shaders\Sen_30_GeometryShow.vert">
      <Filter>Shaders\LearnOpenGL_GLFW</Filter>
    </None>
    <None Include="LearnOpenGL_GLFW\Shaders\Sen_09_ModelViewProjection.frag">
      <Filter>Shaders\LearnOpenGL_GLFW</Filter>
    </None>
    <None Include="LearnOpenGL_GLFW\Shaders\Sen_09_ModelViewProjection.vert">
      <Filter>Shaders\LearnOpenGL_GLFW</Filter>
    </None>
    <None Include="LearnOpenGL_GLFW\Shaders\Sen_10_Camera.frag">
      <Filter>Shaders\LearnOpenGL_GLFW</Filter>
    </None>
    <None Include="LearnOpenGL_GLFW\Shaders\Sen_10_Camera.vert">
      <Filter>Shaders\LearnOpenGL_GLFW</Filter>
    </None>
    <None Include="Sinks\Shaders\teapotExplosion.frag">
      <Filter>Shaders\Sinks</Filter>
    </None>
    <None Include="Sinks\Shaders\teapotExplosion.vert">
      <Filter>Shaders\Sinks</Filter>
    </None>
    <None Include="SenFreeSpacePieces\Shaders\Sen_AssimpNanoSuit.frag">
      <Filter>FreeSpacePieces\Shaders</Filter>
    </None>
    <None Include="SenFreeSpacePieces\Shaders\Sen_AssimpNanoSuit.vert">
      <Filter>FreeSpacePieces\Shaders</Filter>
    </None>
    <None Include="LearnOpenGL_GLFW\Shaders\Sen_303_NanoSuitExplode.frag">
      <Filter>Shaders\LearnOpenGL_GLFW</Filter>
    </None>
    <None Include="LearnOpenGL_GLFW\Shaders\Sen_303_NanoSuitExplode.geom">
      <Filter>Shaders\LearnOpenGL_GLFW</Filter>
    </None>
    <None Include="LearnOpenGL_GLFW\Shaders\Sen_303_NanoSuitExplode.vert">
      <Filter>Shaders\LearnOpenGL_GLFW</Filter>
    </None>
    <None Include="LearnOpenGL_GLFW\Shaders\Sen_22_DepthTest.frag">
      <Filter>Shaders\LearnOpenGL_GLFW</Filter>
    </None>
    <None Include="LearnOpenGL_GLFW\Shaders\Sen_22_DepthTest.vert">
      <Filter>Shaders\LearnOpenGL_GLFW</Filter>
    </None>
    <None Include="LearnOpenGL_GLFW\Shaders\Sen_23_StencilObjectOutline.frag">
      <Filter>Shaders\LearnOpenGL_GLFW</Filter>
    </None>
    <None Include="LearnOpenGL_GLFW\Shaders\Sen_23_StencilObjectOutline.vert">
      <Filter>Shaders\LearnOpenGL_GLFW</Filter>
    </None>
    <None Include="LearnOpenGL_GLFW\Shaders\Sen_26_PostProcessing.vert">
      <Filter>Shaders\LearnOpenGL_GLFW</Filter>
    </None>
    <None Include="LearnOpenGL_GLFW\Shaders\Sen_26_PostProcessing.frag">
      <Filter>Shaders\LearnOpenGL_GLFW</Filter>
    </None>
    <None Include="SenFreeSpacePieces\Shaders\Sen_ScreenCoords.vert">
      <Filter>FreeSpacePieces\Shaders</Filter>
    </None>
    <None Include="SenFreeSpacePieces\Shaders\Sen_ScreenTextureCoords.vert">
      <Filter>FreeSpacePieces\Shaders</Filter>
    </None>
    <None Include="SenFreeSpacePieces\Shaders\Sen_ColorRed.frag">
      <Filter>FreeSpacePieces\Shaders</Filter>
    </None>
    <None Include="SenFreeSpacePieces\Shaders\Sen_TextureCoords.frag">
      <Filter>FreeSpacePieces\Shaders</Filter>
    </None>
    <None Include="SenFreeSpacePieces\Shaders\Sen_AlphaDiscardTextureCoords.frag">
      <Filter>FreeSpacePieces\Shaders</Filter>
    </None>
    <None Include="SenFreeSpacePieces\Shaders\Sen_TrueTypeFontsRender.frag">
      <Filter>FreeSpacePieces\Shaders</Filter>
    </None>
  </ItemGroup>
</Project>