<?xml version="1.0" encoding="utf-8"?>
<Project ToolsVersion="4.0" xmlns="http://schemas.microsoft.com/developer/msbuild/2003">
  <ItemGroup>
    <ClCompile Include="Support\SenAbstractGLWidget.cpp">
      <Filter>Support</Filter>
    </ClCompile>
    <ClCompile Include="main.cpp" />
    <ClCompile Include="Sinks\oldTeapotExplosion\SenTeapotObservationWidget.cpp">
      <Filter>Sources\Sinks\oldTeapotExplosion</Filter>
    </ClCompile>
    <ClCompile Include="Sinks\shaderTeapotExplosion\SenShaderTeapotExplosion.cpp">
      <Filter>Sources\Sinks\shaderTeapotExplosion</Filter>
    </ClCompile>
    <ClCompile Include="Support\SenAbstractGLFW.cpp">
      <Filter>Support</Filter>
    </ClCompile>
    <ClCompile Include="LearnOpenGL_GLFW\Sen_07_TextureGLFW.cpp">
      <Filter>Sources\LearnOpenGL_GLFW</Filter>
    </ClCompile>
    <ClCompile Include="Support\LoadShaders.cpp">
      <Filter>Support</Filter>
    </ClCompile>
    <ClCompile Include="LearnOpenGL_GLFW\Sen_06_TrianglesGLFW.cpp">
      <Filter>Sources\LearnOpenGL_GLFW</Filter>
    </ClCompile>
    <ClCompile Include="Guide8th\Sen_01_Triangles.cpp">
      <Filter>Sources\Guide8th</Filter>
    </ClCompile>
    <ClCompile Include="Guide8th\Sen_03_DrawCommands.cpp">
      <Filter>Sources\Guide8th</Filter>
    </ClCompile>
    <ClCompile Include="Guide8th\Sen_06_CubeMap.cpp">
      <Filter>Sources\Guide8th</Filter>
    </ClCompile>
  </ItemGroup>
  <ItemGroup>
    <Filter Include="Support">
      <UniqueIdentifier>{af28d588-1685-427b-bd0f-5c7e6b4941bd}</UniqueIdentifier>
    </Filter>
    <Filter Include="Headers">
      <UniqueIdentifier>{393c3412-b2c2-4a0c-8c60-8a465c65a871}</UniqueIdentifier>
    </Filter>
    <Filter Include="Sources">
      <UniqueIdentifier>{52b4d0fc-c380-4c87-a464-5d0574dd2d66}</UniqueIdentifier>
    </Filter>
    <Filter Include="Headers\LearnOpenGL_GLFW">
      <UniqueIdentifier>{242acf84-4c90-4363-8afa-7c51261d5d81}</UniqueIdentifier>
    </Filter>
    <Filter Include="Shaders">
      <UniqueIdentifier>{21f029c3-955b-4b1b-afdc-56134b62d023}</UniqueIdentifier>
    </Filter>
    <Filter Include="Shaders\LearnOpenGL_GLFW">
      <UniqueIdentifier>{dd94de74-4ccc-48c8-9114-44b951dafc1f}</UniqueIdentifier>
    </Filter>
    <Filter Include="Sources\LearnOpenGL_GLFW">
      <UniqueIdentifier>{3bc7a42c-f17e-4697-a1d4-6febd7dbbda0}</UniqueIdentifier>
    </Filter>
    <Filter Include="Shaders\Guide8th">
      <UniqueIdentifier>{fc988d9c-dcd3-4c17-bacd-80aad279c948}</UniqueIdentifier>
    </Filter>
    <Filter Include="Sources\Sinks">
      <UniqueIdentifier>{1870d093-680f-430d-9f23-81e69bcc150e}</UniqueIdentifier>
    </Filter>
    <Filter Include="Sources\Sinks\oldTeapotExplosion">
      <UniqueIdentifier>{8b2e8ca6-f1cb-49ef-9df9-2ac74f62381f}</UniqueIdentifier>
    </Filter>
    <Filter Include="Sources\Sinks\shaderTeapotExplosion">
      <UniqueIdentifier>{34d66eaf-ade3-406e-8690-966645be2558}</UniqueIdentifier>
    </Filter>
    <Filter Include="Headers\Guide8th">
      <UniqueIdentifier>{9115a61e-f16d-43ba-9881-52bcffe17708}</UniqueIdentifier>
    </Filter>
    <Filter Include="Sources\Guide8th">
      <UniqueIdentifier>{b713b438-d6e4-4ba6-8347-28877492e9e7}</UniqueIdentifier>
    </Filter>
  </ItemGroup>
  <ItemGroup>
    <ClInclude Include="Support\SenAbstractGLWidget.h">
      <Filter>Support</Filter>
    </ClInclude>
    <ClInclude Include="Sinks\shaderTeapotExplosion\shaderTeapot.h">
      <Filter>Sources\Sinks\shaderTeapotExplosion</Filter>
    </ClInclude>
    <ClInclude Include="Sinks\oldTeapotExplosion\SenTeapotObservationWidget.h">
      <Filter>Sources\Sinks\oldTeapotExplosion</Filter>
    </ClInclude>
    <ClInclude Include="Sinks\oldTeapotExplosion\teapot.h">
      <Filter>Sources\Sinks\oldTeapotExplosion</Filter>
    </ClInclude>
    <ClInclude Include="Sinks\shaderTeapotExplosion\SenShaderTeapotExplosion.h">
      <Filter>Sources\Sinks\shaderTeapotExplosion</Filter>
    </ClInclude>
    <ClInclude Include="Support\SenAbstractGLFW.h">
      <Filter>Support</Filter>
    </ClInclude>
    <ClInclude Include="LearnOpenGL_GLFW\Sen_07_TextureGLFW.h">
      <Filter>Headers\LearnOpenGL_GLFW</Filter>
    </ClInclude>
    <ClInclude Include="LearnOpenGL_GLFW\Sen_06_TrianglesGLFW.h">
      <Filter>Headers\LearnOpenGL_GLFW</Filter>
    </ClInclude>
    <ClInclude Include="Guide8th\Sen_01_Triangles.h">
      <Filter>Headers\Guide8th</Filter>
    </ClInclude>
    <ClInclude Include="Guide8th\Sen_03_DrawCommands.h">
      <Filter>Headers\Guide8th</Filter>
    </ClInclude>
    <ClInclude Include="Guide8th\Sen_06_CubeMap.h">
      <Filter>Headers\Guide8th</Filter>
    </ClInclude>
    <ClInclude Include="Guide8th\External\shaderTeapotTest.h">
      <Filter>Headers\Guide8th</Filter>
    </ClInclude>
  </ItemGroup>
  <ItemGroup>
    <None Include="Sinks\shaderTeapotExplosion\teapotExplosion.frag">
      <Filter>Sources\Sinks\shaderTeapotExplosion</Filter>
    </None>
    <None Include="Sinks\shaderTeapotExplosion\teapotExplosion.vert">
      <Filter>Sources\Sinks\shaderTeapotExplosion</Filter>
    </None>
    <None Include="LearnOpenGL_GLFW\Shaders\Sen_06_Triangle.vert">
      <Filter>Shaders\LearnOpenGL_GLFW</Filter>
    </None>
    <None Include="LearnOpenGL_GLFW\Shaders\Sen_06_Triangle.frag">
      <Filter>Shaders\LearnOpenGL_GLFW</Filter>
    </None>
    <None Include="LearnOpenGL_GLFW\Shaders\Sen_07_TextureGLFW.vert">
      <Filter>Shaders\LearnOpenGL_GLFW</Filter>
    </None>
    <None Include="LearnOpenGL_GLFW\Shaders\Sen_07_TextureGLFW.frag">
      <Filter>Shaders\LearnOpenGL_GLFW</Filter>
    </None>
    <None Include="Guide8th\Shaders\Sen_01_Triangles.frag">
      <Filter>Shaders\Guide8th</Filter>
    </None>
    <None Include="Guide8th\Shaders\Sen_01_Triangles.vert">
      <Filter>Shaders\Guide8th</Filter>
    </None>
    <None Include="Guide8th\Shaders\Sen_03_DrawCommands.frag">
      <Filter>Shaders\Guide8th</Filter>
    </None>
    <None Include="Guide8th\Shaders\Sen_03_DrawCommands.vert">
      <Filter>Shaders\Guide8th</Filter>
    </None>
    <None Include="Guide8th\Shaders\Sen_06_CubeMap.frag">
      <Filter>Shaders\Guide8th</Filter>
    </None>
    <None Include="Guide8th\Shaders\Sen_06_CubeMap.vert">
      <Filter>Shaders\Guide8th</Filter>
    </None>
  </ItemGroup>
</Project>